// !$*UTF8*$!
{
	archiveVersion = 1;
	classes = {
	};
	objectVersion = 56;
	objects = {

/* Begin PBXBuildFile section */
		676B68F32AFF60A30095C75A /* TrailingIconLabelStyle.swift in Sources */ = {isa = PBXBuildFile; fileRef = 676B68F22AFF60A30095C75A /* TrailingIconLabelStyle.swift */; };
		676B68F52AFF8CA30095C75A /* ScrumView.swift in Sources */ = {isa = PBXBuildFile; fileRef = 676B68F42AFF8CA30095C75A /* ScrumView.swift */; };
		677E6EA62AFE889F003634B3 /* Theme.swift in Sources */ = {isa = PBXBuildFile; fileRef = 677E6EA52AFE889F003634B3 /* Theme.swift */; };
		677E6EA82AFE8984003634B3 /* DailyScrum.swift in Sources */ = {isa = PBXBuildFile; fileRef = 677E6EA72AFE8984003634B3 /* DailyScrum.swift */; };
		677E6EAA2AFE8BF9003634B3 /* CardView.swift in Sources */ = {isa = PBXBuildFile; fileRef = 677E6EA92AFE8BF8003634B3 /* CardView.swift */; };
		67A433C22B023A8A002286B3 /* Assests.xcassets in Resources */ = {isa = PBXBuildFile; fileRef = 67A433C12B023A8A002286B3 /* Assests.xcassets */; };
		67A433C42B02A3B1002286B3 /* DetailView.swift in Sources */ = {isa = PBXBuildFile; fileRef = 67A433C32B02A3B0002286B3 /* DetailView.swift */; };
		67A433C62B02BB91002286B3 /* DetailEditView.swift in Sources */ = {isa = PBXBuildFile; fileRef = 67A433C52B02BB91002286B3 /* DetailEditView.swift */; };
		67A433C82B02C291002286B3 /* ThemeView.swift in Sources */ = {isa = PBXBuildFile; fileRef = 67A433C72B02C291002286B3 /* ThemeView.swift */; };
		67A433CA2B02C350002286B3 /* ThemePicker.swift in Sources */ = {isa = PBXBuildFile; fileRef = 67A433C92B02C350002286B3 /* ThemePicker.swift */; };
		67FE602F2AFE71530030C8D4 /* scrumdingerApp.swift in Sources */ = {isa = PBXBuildFile; fileRef = 67FE602E2AFE71530030C8D4 /* scrumdingerApp.swift */; };
		67FE60312AFE71530030C8D4 /* ContentView.swift in Sources */ = {isa = PBXBuildFile; fileRef = 67FE60302AFE71530030C8D4 /* ContentView.swift */; };
		67FE60332AFE71530030C8D4 /* Item.swift in Sources */ = {isa = PBXBuildFile; fileRef = 67FE60322AFE71530030C8D4 /* Item.swift */; };
		67FE60352AFE71580030C8D4 /* Assets.xcassets in Resources */ = {isa = PBXBuildFile; fileRef = 67FE60342AFE71580030C8D4 /* Assets.xcassets */; };
		67FE60392AFE71580030C8D4 /* Preview Assets.xcassets in Resources */ = {isa = PBXBuildFile; fileRef = 67FE60382AFE71580030C8D4 /* Preview Assets.xcassets */; };
		67FE60432AFE71580030C8D4 /* scrumdingerTests.swift in Sources */ = {isa = PBXBuildFile; fileRef = 67FE60422AFE71580030C8D4 /* scrumdingerTests.swift */; };
		67FE604D2AFE71580030C8D4 /* scrumdingerUITests.swift in Sources */ = {isa = PBXBuildFile; fileRef = 67FE604C2AFE71580030C8D4 /* scrumdingerUITests.swift */; };
		67FE604F2AFE71580030C8D4 /* scrumdingerUITestsLaunchTests.swift in Sources */ = {isa = PBXBuildFile; fileRef = 67FE604E2AFE71580030C8D4 /* scrumdingerUITestsLaunchTests.swift */; };
/* End PBXBuildFile section */

/* Begin PBXContainerItemProxy section */
		67FE603F2AFE71580030C8D4 /* PBXContainerItemProxy */ = {
			isa = PBXContainerItemProxy;
			containerPortal = 67FE60232AFE71530030C8D4 /* Project object */;
			proxyType = 1;
			remoteGlobalIDString = 67FE602A2AFE71530030C8D4;
			remoteInfo = scrumdinger;
		};
		67FE60492AFE71580030C8D4 /* PBXContainerItemProxy */ = {
			isa = PBXContainerItemProxy;
			containerPortal = 67FE60232AFE71530030C8D4 /* Project object */;
			proxyType = 1;
			remoteGlobalIDString = 67FE602A2AFE71530030C8D4;
			remoteInfo = scrumdinger;
		};
/* End PBXContainerItemProxy section */

/* Begin PBXFileReference section */
		676B68F22AFF60A30095C75A /* TrailingIconLabelStyle.swift */ = {isa = PBXFileReference; lastKnownFileType = sourcecode.swift; path = TrailingIconLabelStyle.swift; sourceTree = "<group>"; };
		676B68F42AFF8CA30095C75A /* ScrumView.swift */ = {isa = PBXFileReference; lastKnownFileType = sourcecode.swift; path = ScrumView.swift; sourceTree = "<group>"; };
		677E6EA52AFE889F003634B3 /* Theme.swift */ = {isa = PBXFileReference; lastKnownFileType = sourcecode.swift; path = Theme.swift; sourceTree = "<group>"; };
		677E6EA72AFE8984003634B3 /* DailyScrum.swift */ = {isa = PBXFileReference; lastKnownFileType = sourcecode.swift; path = DailyScrum.swift; sourceTree = "<group>"; };
		677E6EA92AFE8BF8003634B3 /* CardView.swift */ = {isa = PBXFileReference; lastKnownFileType = sourcecode.swift; path = CardView.swift; sourceTree = "<group>"; };
		67A433C12B023A8A002286B3 /* Assests.xcassets */ = {isa = PBXFileReference; lastKnownFileType = folder.assetcatalog; path = Assests.xcassets; sourceTree = "<group>"; };
		67A433C32B02A3B0002286B3 /* DetailView.swift */ = {isa = PBXFileReference; lastKnownFileType = sourcecode.swift; path = DetailView.swift; sourceTree = "<group>"; };
		67A433C52B02BB91002286B3 /* DetailEditView.swift */ = {isa = PBXFileReference; lastKnownFileType = sourcecode.swift; path = DetailEditView.swift; sourceTree = "<group>"; };
		67A433C72B02C291002286B3 /* ThemeView.swift */ = {isa = PBXFileReference; lastKnownFileType = sourcecode.swift; path = ThemeView.swift; sourceTree = "<group>"; };
		67A433C92B02C350002286B3 /* ThemePicker.swift */ = {isa = PBXFileReference; lastKnownFileType = sourcecode.swift; path = ThemePicker.swift; sourceTree = "<group>"; };
		67FE602B2AFE71530030C8D4 /* scrumdinger.app */ = {isa = PBXFileReference; explicitFileType = wrapper.application; includeInIndex = 0; path = scrumdinger.app; sourceTree = BUILT_PRODUCTS_DIR; };
		67FE602E2AFE71530030C8D4 /* scrumdingerApp.swift */ = {isa = PBXFileReference; lastKnownFileType = sourcecode.swift; path = scrumdingerApp.swift; sourceTree = "<group>"; };
		67FE60302AFE71530030C8D4 /* ContentView.swift */ = {isa = PBXFileReference; lastKnownFileType = sourcecode.swift; path = ContentView.swift; sourceTree = "<group>"; };
		67FE60322AFE71530030C8D4 /* Item.swift */ = {isa = PBXFileReference; lastKnownFileType = sourcecode.swift; path = Item.swift; sourceTree = "<group>"; };
		67FE60342AFE71580030C8D4 /* Assets.xcassets */ = {isa = PBXFileReference; lastKnownFileType = folder.assetcatalog; path = Assets.xcassets; sourceTree = "<group>"; };
		67FE60362AFE71580030C8D4 /* scrumdinger.entitlements */ = {isa = PBXFileReference; lastKnownFileType = text.plist.entitlements; path = scrumdinger.entitlements; sourceTree = "<group>"; };
		67FE60382AFE71580030C8D4 /* Preview Assets.xcassets */ = {isa = PBXFileReference; lastKnownFileType = folder.assetcatalog; path = "Preview Assets.xcassets"; sourceTree = "<group>"; };
		67FE603E2AFE71580030C8D4 /* scrumdingerTests.xctest */ = {isa = PBXFileReference; explicitFileType = wrapper.cfbundle; includeInIndex = 0; path = scrumdingerTests.xctest; sourceTree = BUILT_PRODUCTS_DIR; };
		67FE60422AFE71580030C8D4 /* scrumdingerTests.swift */ = {isa = PBXFileReference; lastKnownFileType = sourcecode.swift; path = scrumdingerTests.swift; sourceTree = "<group>"; };
		67FE60482AFE71580030C8D4 /* scrumdingerUITests.xctest */ = {isa = PBXFileReference; explicitFileType = wrapper.cfbundle; includeInIndex = 0; path = scrumdingerUITests.xctest; sourceTree = BUILT_PRODUCTS_DIR; };
		67FE604C2AFE71580030C8D4 /* scrumdingerUITests.swift */ = {isa = PBXFileReference; lastKnownFileType = sourcecode.swift; path = scrumdingerUITests.swift; sourceTree = "<group>"; };
		67FE604E2AFE71580030C8D4 /* scrumdingerUITestsLaunchTests.swift */ = {isa = PBXFileReference; lastKnownFileType = sourcecode.swift; path = scrumdingerUITestsLaunchTests.swift; sourceTree = "<group>"; };
/* End PBXFileReference section */

/* Begin PBXFrameworksBuildPhase section */
		67FE60282AFE71530030C8D4 /* Frameworks */ = {
			isa = PBXFrameworksBuildPhase;
			buildActionMask = 2147483647;
			files = (
			);
			runOnlyForDeploymentPostprocessing = 0;
		};
		67FE603B2AFE71580030C8D4 /* Frameworks */ = {
			isa = PBXFrameworksBuildPhase;
			buildActionMask = 2147483647;
			files = (
			);
			runOnlyForDeploymentPostprocessing = 0;
		};
		67FE60452AFE71580030C8D4 /* Frameworks */ = {
			isa = PBXFrameworksBuildPhase;
			buildActionMask = 2147483647;
			files = (
			);
			runOnlyForDeploymentPostprocessing = 0;
		};
/* End PBXFrameworksBuildPhase section */

/* Begin PBXGroup section */
		677E6EA42AFE8871003634B3 /* Models */ = {
			isa = PBXGroup;
			children = (
				677E6EA72AFE8984003634B3 /* DailyScrum.swift */,
				677E6EA52AFE889F003634B3 /* Theme.swift */,
			);
			path = Models;
			sourceTree = "<group>";
		};
		67FE60222AFE71530030C8D4 = {
			isa = PBXGroup;
			children = (
				67FE602D2AFE71530030C8D4 /* scrumdinger */,
				67FE60412AFE71580030C8D4 /* scrumdingerTests */,
				67FE604B2AFE71580030C8D4 /* scrumdingerUITests */,
				67FE602C2AFE71530030C8D4 /* Products */,
			);
			sourceTree = "<group>";
		};
		67FE602C2AFE71530030C8D4 /* Products */ = {
			isa = PBXGroup;
			children = (
				67FE602B2AFE71530030C8D4 /* scrumdinger.app */,
				67FE603E2AFE71580030C8D4 /* scrumdingerTests.xctest */,
				67FE60482AFE71580030C8D4 /* scrumdingerUITests.xctest */,
			);
			name = Products;
			sourceTree = "<group>";
		};
		67FE602D2AFE71530030C8D4 /* scrumdinger */ = {
			isa = PBXGroup;
			children = (
				67FE602E2AFE71530030C8D4 /* scrumdingerApp.swift */,
				67FE60302AFE71530030C8D4 /* ContentView.swift */,
				677E6EA42AFE8871003634B3 /* Models */,
				67FE60322AFE71530030C8D4 /* Item.swift */,
				67FE60342AFE71580030C8D4 /* Assets.xcassets */,
				676B68F42AFF8CA30095C75A /* ScrumView.swift */,
				676B68F22AFF60A30095C75A /* TrailingIconLabelStyle.swift */,
				677E6EA92AFE8BF8003634B3 /* CardView.swift */,
				67FE60362AFE71580030C8D4 /* scrumdinger.entitlements */,
				67FE60372AFE71580030C8D4 /* Preview Content */,
				67A433C12B023A8A002286B3 /* Assests.xcassets */,
				67A433C32B02A3B0002286B3 /* DetailView.swift */,
				67A433C52B02BB91002286B3 /* DetailEditView.swift */,
				67A433C72B02C291002286B3 /* ThemeView.swift */,
				67A433C92B02C350002286B3 /* ThemePicker.swift */,
			);
			path = scrumdinger;
			sourceTree = "<group>";
		};
		67FE60372AFE71580030C8D4 /* Preview Content */ = {
			isa = PBXGroup;
			children = (
				67FE60382AFE71580030C8D4 /* Preview Assets.xcassets */,
			);
			path = "Preview Content";
			sourceTree = "<group>";
		};
		67FE60412AFE71580030C8D4 /* scrumdingerTests */ = {
			isa = PBXGroup;
			children = (
				67FE60422AFE71580030C8D4 /* scrumdingerTests.swift */,
			);
			path = scrumdingerTests;
			sourceTree = "<group>";
		};
		67FE604B2AFE71580030C8D4 /* scrumdingerUITests */ = {
			isa = PBXGroup;
			children = (
				67FE604C2AFE71580030C8D4 /* scrumdingerUITests.swift */,
				67FE604E2AFE71580030C8D4 /* scrumdingerUITestsLaunchTests.swift */,
			);
			path = scrumdingerUITests;
			sourceTree = "<group>";
		};
/* End PBXGroup section */

/* Begin PBXNativeTarget section */
		67FE602A2AFE71530030C8D4 /* scrumdinger */ = {
			isa = PBXNativeTarget;
			buildConfigurationList = 67FE60522AFE71580030C8D4 /* Build configuration list for PBXNativeTarget "scrumdinger" */;
			buildPhases = (
				67FE60272AFE71530030C8D4 /* Sources */,
				67FE60282AFE71530030C8D4 /* Frameworks */,
				67FE60292AFE71530030C8D4 /* Resources */,
			);
			buildRules = (
			);
			dependencies = (
			);
			name = scrumdinger;
			productName = scrumdinger;
			productReference = 67FE602B2AFE71530030C8D4 /* scrumdinger.app */;
			productType = "com.apple.product-type.application";
		};
		67FE603D2AFE71580030C8D4 /* scrumdingerTests */ = {
			isa = PBXNativeTarget;
			buildConfigurationList = 67FE60552AFE71580030C8D4 /* Build configuration list for PBXNativeTarget "scrumdingerTests" */;
			buildPhases = (
				67FE603A2AFE71580030C8D4 /* Sources */,
				67FE603B2AFE71580030C8D4 /* Frameworks */,
				67FE603C2AFE71580030C8D4 /* Resources */,
			);
			buildRules = (
			);
			dependencies = (
				67FE60402AFE71580030C8D4 /* PBXTargetDependency */,
			);
			name = scrumdingerTests;
			productName = scrumdingerTests;
			productReference = 67FE603E2AFE71580030C8D4 /* scrumdingerTests.xctest */;
			productType = "com.apple.product-type.bundle.unit-test";
		};
		67FE60472AFE71580030C8D4 /* scrumdingerUITests */ = {
			isa = PBXNativeTarget;
			buildConfigurationList = 67FE60582AFE71580030C8D4 /* Build configuration list for PBXNativeTarget "scrumdingerUITests" */;
			buildPhases = (
				67FE60442AFE71580030C8D4 /* Sources */,
				67FE60452AFE71580030C8D4 /* Frameworks */,
				67FE60462AFE71580030C8D4 /* Resources */,
			);
			buildRules = (
			);
			dependencies = (
				67FE604A2AFE71580030C8D4 /* PBXTargetDependency */,
			);
			name = scrumdingerUITests;
			productName = scrumdingerUITests;
			productReference = 67FE60482AFE71580030C8D4 /* scrumdingerUITests.xctest */;
			productType = "com.apple.product-type.bundle.ui-testing";
		};
/* End PBXNativeTarget section */

/* Begin PBXProject section */
		67FE60232AFE71530030C8D4 /* Project object */ = {
			isa = PBXProject;
			attributes = {
				BuildIndependentTargetsInParallel = 1;
				LastSwiftUpdateCheck = 1500;
				LastUpgradeCheck = 1500;
				TargetAttributes = {
					67FE602A2AFE71530030C8D4 = {
						CreatedOnToolsVersion = 15.0;
					};
					67FE603D2AFE71580030C8D4 = {
						CreatedOnToolsVersion = 15.0;
						TestTargetID = 67FE602A2AFE71530030C8D4;
					};
					67FE60472AFE71580030C8D4 = {
						CreatedOnToolsVersion = 15.0;
						TestTargetID = 67FE602A2AFE71530030C8D4;
					};
				};
			};
			buildConfigurationList = 67FE60262AFE71530030C8D4 /* Build configuration list for PBXProject "scrumdinger" */;
			compatibilityVersion = "Xcode 14.0";
			developmentRegion = en;
			hasScannedForEncodings = 0;
			knownRegions = (
				en,
				Base,
			);
			mainGroup = 67FE60222AFE71530030C8D4;
			productRefGroup = 67FE602C2AFE71530030C8D4 /* Products */;
			projectDirPath = "";
			projectRoot = "";
			targets = (
				67FE602A2AFE71530030C8D4 /* scrumdinger */,
				67FE603D2AFE71580030C8D4 /* scrumdingerTests */,
				67FE60472AFE71580030C8D4 /* scrumdingerUITests */,
			);
		};
/* End PBXProject section */

/* Begin PBXResourcesBuildPhase section */
		67FE60292AFE71530030C8D4 /* Resources */ = {
			isa = PBXResourcesBuildPhase;
			buildActionMask = 2147483647;
			files = (
				67FE60392AFE71580030C8D4 /* Preview Assets.xcassets in Resources */,
				67FE60352AFE71580030C8D4 /* Assets.xcassets in Resources */,
				67A433C22B023A8A002286B3 /* Assests.xcassets in Resources */,
			);
			runOnlyForDeploymentPostprocessing = 0;
		};
		67FE603C2AFE71580030C8D4 /* Resources */ = {
			isa = PBXResourcesBuildPhase;
			buildActionMask = 2147483647;
			files = (
			);
			runOnlyForDeploymentPostprocessing = 0;
		};
		67FE60462AFE71580030C8D4 /* Resources */ = {
			isa = PBXResourcesBuildPhase;
			buildActionMask = 2147483647;
			files = (
			);
			runOnlyForDeploymentPostprocessing = 0;
		};
/* End PBXResourcesBuildPhase section */

/* Begin PBXSourcesBuildPhase section */
		67FE60272AFE71530030C8D4 /* Sources */ = {
			isa = PBXSourcesBuildPhase;
			buildActionMask = 2147483647;
			files = (
				676B68F52AFF8CA30095C75A /* ScrumView.swift in Sources */,
				67A433C82B02C291002286B3 /* ThemeView.swift in Sources */,
				67A433C42B02A3B1002286B3 /* DetailView.swift in Sources */,
				677E6EA82AFE8984003634B3 /* DailyScrum.swift in Sources */,
				67FE60312AFE71530030C8D4 /* ContentView.swift in Sources */,
				677E6EA62AFE889F003634B3 /* Theme.swift in Sources */,
				67FE60332AFE71530030C8D4 /* Item.swift in Sources */,
				677E6EAA2AFE8BF9003634B3 /* CardView.swift in Sources */,
				67A433C62B02BB91002286B3 /* DetailEditView.swift in Sources */,
				67A433CA2B02C350002286B3 /* ThemePicker.swift in Sources */,
				67FE602F2AFE71530030C8D4 /* scrumdingerApp.swift in Sources */,
				676B68F32AFF60A30095C75A /* TrailingIconLabelStyle.swift in Sources */,
			);
			runOnlyForDeploymentPostprocessing = 0;
		};
		67FE603A2AFE71580030C8D4 /* Sources */ = {
			isa = PBXSourcesBuildPhase;
			buildActionMask = 2147483647;
			files = (
				67FE60432AFE71580030C8D4 /* scrumdingerTests.swift in Sources */,
			);
			runOnlyForDeploymentPostprocessing = 0;
		};
		67FE60442AFE71580030C8D4 /* Sources */ = {
			isa = PBXSourcesBuildPhase;
			buildActionMask = 2147483647;
			files = (
				67FE604F2AFE71580030C8D4 /* scrumdingerUITestsLaunchTests.swift in Sources */,
				67FE604D2AFE71580030C8D4 /* scrumdingerUITests.swift in Sources */,
			);
			runOnlyForDeploymentPostprocessing = 0;
		};
/* End PBXSourcesBuildPhase section */

/* Begin PBXTargetDependency section */
		67FE60402AFE71580030C8D4 /* PBXTargetDependency */ = {
			isa = PBXTargetDependency;
			target = 67FE602A2AFE71530030C8D4 /* scrumdinger */;
			targetProxy = 67FE603F2AFE71580030C8D4 /* PBXContainerItemProxy */;
		};
		67FE604A2AFE71580030C8D4 /* PBXTargetDependency */ = {
			isa = PBXTargetDependency;
			target = 67FE602A2AFE71530030C8D4 /* scrumdinger */;
			targetProxy = 67FE60492AFE71580030C8D4 /* PBXContainerItemProxy */;
		};
/* End PBXTargetDependency section */

/* Begin XCBuildConfiguration section */
		67FE60502AFE71580030C8D4 /* Debug */ = {
			isa = XCBuildConfiguration;
			buildSettings = {
				ALWAYS_SEARCH_USER_PATHS = NO;
				ASSETCATALOG_COMPILER_GENERATE_SWIFT_ASSET_SYMBOL_EXTENSIONS = YES;
				CLANG_ANALYZER_NONNULL = YES;
				CLANG_ANALYZER_NUMBER_OBJECT_CONVERSION = YES_AGGRESSIVE;
				CLANG_CXX_LANGUAGE_STANDARD = "gnu++20";
				CLANG_ENABLE_MODULES = YES;
				CLANG_ENABLE_OBJC_ARC = YES;
				CLANG_ENABLE_OBJC_WEAK = YES;
				CLANG_WARN_BLOCK_CAPTURE_AUTORELEASING = YES;
				CLANG_WARN_BOOL_CONVERSION = YES;
				CLANG_WARN_COMMA = YES;
				CLANG_WARN_CONSTANT_CONVERSION = YES;
				CLANG_WARN_DEPRECATED_OBJC_IMPLEMENTATIONS = YES;
				CLANG_WARN_DIRECT_OBJC_ISA_USAGE = YES_ERROR;
				CLANG_WARN_DOCUMENTATION_COMMENTS = YES;
				CLANG_WARN_EMPTY_BODY = YES;
				CLANG_WARN_ENUM_CONVERSION = YES;
				CLANG_WARN_INFINITE_RECURSION = YES;
				CLANG_WARN_INT_CONVERSION = YES;
				CLANG_WARN_NON_LITERAL_NULL_CONVERSION = YES;
				CLANG_WARN_OBJC_IMPLICIT_RETAIN_SELF = YES;
				CLANG_WARN_OBJC_LITERAL_CONVERSION = YES;
				CLANG_WARN_OBJC_ROOT_CLASS = YES_ERROR;
				CLANG_WARN_QUOTED_INCLUDE_IN_FRAMEWORK_HEADER = YES;
				CLANG_WARN_RANGE_LOOP_ANALYSIS = YES;
				CLANG_WARN_STRICT_PROTOTYPES = YES;
				CLANG_WARN_SUSPICIOUS_MOVE = YES;
				CLANG_WARN_UNGUARDED_AVAILABILITY = YES_AGGRESSIVE;
				CLANG_WARN_UNREACHABLE_CODE = YES;
				CLANG_WARN__DUPLICATE_METHOD_MATCH = YES;
				COPY_PHASE_STRIP = NO;
				DEBUG_INFORMATION_FORMAT = dwarf;
				ENABLE_STRICT_OBJC_MSGSEND = YES;
				ENABLE_TESTABILITY = YES;
				ENABLE_USER_SCRIPT_SANDBOXING = YES;
				GCC_C_LANGUAGE_STANDARD = gnu17;
				GCC_DYNAMIC_NO_PIC = NO;
				GCC_NO_COMMON_BLOCKS = YES;
				GCC_OPTIMIZATION_LEVEL = 0;
				GCC_PREPROCESSOR_DEFINITIONS = (
					"DEBUG=1",
					"$(inherited)",
				);
				GCC_WARN_64_TO_32_BIT_CONVERSION = YES;
				GCC_WARN_ABOUT_RETURN_TYPE = YES_ERROR;
				GCC_WARN_UNDECLARED_SELECTOR = YES;
				GCC_WARN_UNINITIALIZED_AUTOS = YES_AGGRESSIVE;
				GCC_WARN_UNUSED_FUNCTION = YES;
				GCC_WARN_UNUSED_VARIABLE = YES;
				LOCALIZATION_PREFERS_STRING_CATALOGS = YES;
				MTL_ENABLE_DEBUG_INFO = INCLUDE_SOURCE;
				MTL_FAST_MATH = YES;
				ONLY_ACTIVE_ARCH = YES;
				SWIFT_ACTIVE_COMPILATION_CONDITIONS = "DEBUG $(inherited)";
				SWIFT_OPTIMIZATION_LEVEL = "-Onone";
			};
			name = Debug;
		};
		67FE60512AFE71580030C8D4 /* Release */ = {
			isa = XCBuildConfiguration;
			buildSettings = {
				ALWAYS_SEARCH_USER_PATHS = NO;
				ASSETCATALOG_COMPILER_GENERATE_SWIFT_ASSET_SYMBOL_EXTENSIONS = YES;
				CLANG_ANALYZER_NONNULL = YES;
				CLANG_ANALYZER_NUMBER_OBJECT_CONVERSION = YES_AGGRESSIVE;
				CLANG_CXX_LANGUAGE_STANDARD = "gnu++20";
				CLANG_ENABLE_MODULES = YES;
				CLANG_ENABLE_OBJC_ARC = YES;
				CLANG_ENABLE_OBJC_WEAK = YES;
				CLANG_WARN_BLOCK_CAPTURE_AUTORELEASING = YES;
				CLANG_WARN_BOOL_CONVERSION = YES;
				CLANG_WARN_COMMA = YES;
				CLANG_WARN_CONSTANT_CONVERSION = YES;
				CLANG_WARN_DEPRECATED_OBJC_IMPLEMENTATIONS = YES;
				CLANG_WARN_DIRECT_OBJC_ISA_USAGE = YES_ERROR;
				CLANG_WARN_DOCUMENTATION_COMMENTS = YES;
				CLANG_WARN_EMPTY_BODY = YES;
				CLANG_WARN_ENUM_CONVERSION = YES;
				CLANG_WARN_INFINITE_RECURSION = YES;
				CLANG_WARN_INT_CONVERSION = YES;
				CLANG_WARN_NON_LITERAL_NULL_CONVERSION = YES;
				CLANG_WARN_OBJC_IMPLICIT_RETAIN_SELF = YES;
				CLANG_WARN_OBJC_LITERAL_CONVERSION = YES;
				CLANG_WARN_OBJC_ROOT_CLASS = YES_ERROR;
				CLANG_WARN_QUOTED_INCLUDE_IN_FRAMEWORK_HEADER = YES;
				CLANG_WARN_RANGE_LOOP_ANALYSIS = YES;
				CLANG_WARN_STRICT_PROTOTYPES = YES;
				CLANG_WARN_SUSPICIOUS_MOVE = YES;
				CLANG_WARN_UNGUARDED_AVAILABILITY = YES_AGGRESSIVE;
				CLANG_WARN_UNREACHABLE_CODE = YES;
				CLANG_WARN__DUPLICATE_METHOD_MATCH = YES;
				COPY_PHASE_STRIP = NO;
				DEBUG_INFORMATION_FORMAT = "dwarf-with-dsym";
				ENABLE_NS_ASSERTIONS = NO;
				ENABLE_STRICT_OBJC_MSGSEND = YES;
				ENABLE_USER_SCRIPT_SANDBOXING = YES;
				GCC_C_LANGUAGE_STANDARD = gnu17;
				GCC_NO_COMMON_BLOCKS = YES;
				GCC_WARN_64_TO_32_BIT_CONVERSION = YES;
				GCC_WARN_ABOUT_RETURN_TYPE = YES_ERROR;
				GCC_WARN_UNDECLARED_SELECTOR = YES;
				GCC_WARN_UNINITIALIZED_AUTOS = YES_AGGRESSIVE;
				GCC_WARN_UNUSED_FUNCTION = YES;
				GCC_WARN_UNUSED_VARIABLE = YES;
				LOCALIZATION_PREFERS_STRING_CATALOGS = YES;
				MTL_ENABLE_DEBUG_INFO = NO;
				MTL_FAST_MATH = YES;
				SWIFT_COMPILATION_MODE = wholemodule;
			};
			name = Release;
		};
		67FE60532AFE71580030C8D4 /* Debug */ = {
			isa = XCBuildConfiguration;
			buildSettings = {
				ASSETCATALOG_COMPILER_APPICON_NAME = AppIcon;
				ASSETCATALOG_COMPILER_GLOBAL_ACCENT_COLOR_NAME = AccentColor;
				CODE_SIGN_ENTITLEMENTS = scrumdinger/scrumdinger.entitlements;
				CODE_SIGN_STYLE = Automatic;
				CURRENT_PROJECT_VERSION = 1;
				DEVELOPMENT_ASSET_PATHS = "\"scrumdinger/Preview Content\"";
				ENABLE_PREVIEWS = YES;
				GENERATE_INFOPLIST_FILE = YES;
				"INFOPLIST_KEY_UIApplicationSceneManifest_Generation[sdk=iphoneos*]" = YES;
				"INFOPLIST_KEY_UIApplicationSceneManifest_Generation[sdk=iphonesimulator*]" = YES;
				"INFOPLIST_KEY_UIApplicationSupportsIndirectInputEvents[sdk=iphoneos*]" = YES;
				"INFOPLIST_KEY_UIApplicationSupportsIndirectInputEvents[sdk=iphonesimulator*]" = YES;
				"INFOPLIST_KEY_UILaunchScreen_Generation[sdk=iphoneos*]" = YES;
				"INFOPLIST_KEY_UILaunchScreen_Generation[sdk=iphonesimulator*]" = YES;
				"INFOPLIST_KEY_UIStatusBarStyle[sdk=iphoneos*]" = UIStatusBarStyleDefault;
				"INFOPLIST_KEY_UIStatusBarStyle[sdk=iphonesimulator*]" = UIStatusBarStyleDefault;
				INFOPLIST_KEY_UISupportedInterfaceOrientations_iPad = "UIInterfaceOrientationPortrait UIInterfaceOrientationPortraitUpsideDown UIInterfaceOrientationLandscapeLeft UIInterfaceOrientationLandscapeRight";
				INFOPLIST_KEY_UISupportedInterfaceOrientations_iPhone = "UIInterfaceOrientationPortrait UIInterfaceOrientationLandscapeLeft UIInterfaceOrientationLandscapeRight";
				IPHONEOS_DEPLOYMENT_TARGET = 17.0;
				LD_RUNPATH_SEARCH_PATHS = "@executable_path/Frameworks";
				"LD_RUNPATH_SEARCH_PATHS[sdk=macosx*]" = "@executable_path/../Frameworks";
				MACOSX_DEPLOYMENT_TARGET = 14.0;
				MARKETING_VERSION = 1.0;
				PRODUCT_BUNDLE_IDENTIFIER = test.scrumdinger;
				PRODUCT_NAME = "$(TARGET_NAME)";
				SDKROOT = auto;
				SUPPORTED_PLATFORMS = "iphoneos iphonesimulator";
				SUPPORTS_MACCATALYST = NO;
				SWIFT_EMIT_LOC_STRINGS = YES;
				SWIFT_VERSION = 5.0;
				TARGETED_DEVICE_FAMILY = 1;
			};
			name = Debug;
		};
		67FE60542AFE71580030C8D4 /* Release */ = {
			isa = XCBuildConfiguration;
			buildSettings = {
				ASSETCATALOG_COMPILER_APPICON_NAME = AppIcon;
				ASSETCATALOG_COMPILER_GLOBAL_ACCENT_COLOR_NAME = AccentColor;
				CODE_SIGN_ENTITLEMENTS = scrumdinger/scrumdinger.entitlements;
				CODE_SIGN_STYLE = Automatic;
				CURRENT_PROJECT_VERSION = 1;
				DEVELOPMENT_ASSET_PATHS = "\"scrumdinger/Preview Content\"";
				ENABLE_PREVIEWS = YES;
				GENERATE_INFOPLIST_FILE = YES;
				"INFOPLIST_KEY_UIApplicationSceneManifest_Generation[sdk=iphoneos*]" = YES;
				"INFOPLIST_KEY_UIApplicationSceneManifest_Generation[sdk=iphonesimulator*]" = YES;
				"INFOPLIST_KEY_UIApplicationSupportsIndirectInputEvents[sdk=iphoneos*]" = YES;
				"INFOPLIST_KEY_UIApplicationSupportsIndirectInputEvents[sdk=iphonesimulator*]" = YES;
				"INFOPLIST_KEY_UILaunchScreen_Generation[sdk=iphoneos*]" = YES;
				"INFOPLIST_KEY_UILaunchScreen_Generation[sdk=iphonesimulator*]" = YES;
				"INFOPLIST_KEY_UIStatusBarStyle[sdk=iphoneos*]" = UIStatusBarStyleDefault;
				"INFOPLIST_KEY_UIStatusBarStyle[sdk=iphonesimulator*]" = UIStatusBarStyleDefault;
				INFOPLIST_KEY_UISupportedInterfaceOrientations_iPad = "UIInterfaceOrientationPortrait UIInterfaceOrientationPortraitUpsideDown UIInterfaceOrientationLandscapeLeft UIInterfaceOrientationLandscapeRight";
				INFOPLIST_KEY_UISupportedInterfaceOrientations_iPhone = "UIInterfaceOrientationPortrait UIInterfaceOrientationLandscapeLeft UIInterfaceOrientationLandscapeRight";
				IPHONEOS_DEPLOYMENT_TARGET = 17.0;
				LD_RUNPATH_SEARCH_PATHS = "@executable_path/Frameworks";
				"LD_RUNPATH_SEARCH_PATHS[sdk=macosx*]" = "@executable_path/../Frameworks";
				MACOSX_DEPLOYMENT_TARGET = 14.0;
				MARKETING_VERSION = 1.0;
				PRODUCT_BUNDLE_IDENTIFIER = test.scrumdinger;
				PRODUCT_NAME = "$(TARGET_NAME)";
				SDKROOT = auto;
				SUPPORTED_PLATFORMS = "iphoneos iphonesimulator";
				SUPPORTS_MACCATALYST = NO;
				SWIFT_EMIT_LOC_STRINGS = YES;
				SWIFT_VERSION = 5.0;
				TARGETED_DEVICE_FAMILY = 1;
			};
			name = Release;
		};
		67FE60562AFE71580030C8D4 /* Debug */ = {
			isa = XCBuildConfiguration;
			buildSettings = {
				ALWAYS_EMBED_SWIFT_STANDARD_LIBRARIES = YES;
				BUNDLE_LOADER = "$(TEST_HOST)";
				CODE_SIGN_STYLE = Automatic;
				CURRENT_PROJECT_VERSION = 1;
				GENERATE_INFOPLIST_FILE = YES;
				IPHONEOS_DEPLOYMENT_TARGET = 17.0;
				MACOSX_DEPLOYMENT_TARGET = 14.0;
				MARKETING_VERSION = 1.0;
				PRODUCT_BUNDLE_IDENTIFIER = test.scrumdingerTests;
				PRODUCT_NAME = "$(TARGET_NAME)";
				SDKROOT = auto;
				SUPPORTED_PLATFORMS = "iphoneos iphonesimulator macosx";
				SWIFT_EMIT_LOC_STRINGS = NO;
				SWIFT_VERSION = 5.0;
				TARGETED_DEVICE_FAMILY = "1,2";
				TEST_HOST = "$(BUILT_PRODUCTS_DIR)/scrumdinger.app/$(BUNDLE_EXECUTABLE_FOLDER_PATH)/scrumdinger";
			};
			name = Debug;
		};
		67FE60572AFE71580030C8D4 /* Release */ = {
			isa = XCBuildConfiguration;
			buildSettings = {
				ALWAYS_EMBED_SWIFT_STANDARD_LIBRARIES = YES;
				BUNDLE_LOADER = "$(TEST_HOST)";
				CODE_SIGN_STYLE = Automatic;
				CURRENT_PROJECT_VERSION = 1;
				GENERATE_INFOPLIST_FILE = YES;
				IPHONEOS_DEPLOYMENT_TARGET = 17.0;
				MACOSX_DEPLOYMENT_TARGET = 14.0;
				MARKETING_VERSION = 1.0;
				PRODUCT_BUNDLE_IDENTIFIER = test.scrumdingerTests;
				PRODUCT_NAME = "$(TARGET_NAME)";
				SDKROOT = auto;
				SUPPORTED_PLATFORMS = "iphoneos iphonesimulator macosx";
				SWIFT_EMIT_LOC_STRINGS = NO;
				SWIFT_VERSION = 5.0;
				TARGETED_DEVICE_FAMILY = "1,2";
				TEST_HOST = "$(BUILT_PRODUCTS_DIR)/scrumdinger.app/$(BUNDLE_EXECUTABLE_FOLDER_PATH)/scrumdinger";
			};
			name = Release;
		};
		67FE60592AFE71580030C8D4 /* Debug */ = {
			isa = XCBuildConfiguration;
			buildSettings = {
				ALWAYS_EMBED_SWIFT_STANDARD_LIBRARIES = YES;
				CODE_SIGN_STYLE = Automatic;
				CURRENT_PROJECT_VERSION = 1;
				GENERATE_INFOPLIST_FILE = YES;
				IPHONEOS_DEPLOYMENT_TARGET = 17.0;
				MACOSX_DEPLOYMENT_TARGET = 14.0;
				MARKETING_VERSION = 1.0;
				PRODUCT_BUNDLE_IDENTIFIER = test.scrumdingerUITests;
				PRODUCT_NAME = "$(TARGET_NAME)";
				SDKROOT = auto;
				SUPPORTED_PLATFORMS = "iphoneos iphonesimulator macosx";
				SWIFT_EMIT_LOC_STRINGS = NO;
				SWIFT_VERSION = 5.0;
				TARGETED_DEVICE_FAMILY = "1,2";
				TEST_TARGET_NAME = scrumdinger;
			};
			name = Debug;
		};
		67FE605A2AFE71580030C8D4 /* Release */ = {
			isa = XCBuildConfiguration;
			buildSettings = {
				ALWAYS_EMBED_SWIFT_STANDARD_LIBRARIES = YES;
				CODE_SIGN_STYLE = Automatic;
				CURRENT_PROJECT_VERSION = 1;
				GENERATE_INFOPLIST_FILE = YES;
				IPHONEOS_DEPLOYMENT_TARGET = 17.0;
				MACOSX_DEPLOYMENT_TARGET = 14.0;
				MARKETING_VERSION = 1.0;
				PRODUCT_BUNDLE_IDENTIFIER = test.scrumdingerUITests;
				PRODUCT_NAME = "$(TARGET_NAME)";
				SDKROOT = auto;
				SUPPORTED_PLATFORMS = "iphoneos iphonesimulator macosx";
				SWIFT_EMIT_LOC_STRINGS = NO;
				SWIFT_VERSION = 5.0;
				TARGETED_DEVICE_FAMILY = "1,2";
				TEST_TARGET_NAME = scrumdinger;
			};
			name = Release;
		};
/* End XCBuildConfiguration section */

/* Begin XCConfigurationList section */
		67FE60262AFE71530030C8D4 /* Build configuration list for PBXProject "scrumdinger" */ = {
			isa = XCConfigurationList;
			buildConfigurations = (
				67FE60502AFE71580030C8D4 /* Debug */,
				67FE60512AFE71580030C8D4 /* Release */,
			);
			defaultConfigurationIsVisible = 0;
			defaultConfigurationName = Release;
		};
		67FE60522AFE71580030C8D4 /* Build configuration list for PBXNativeTarget "scrumdinger" */ = {
			isa = XCConfigurationList;
			buildConfigurations = (
				67FE60532AFE71580030C8D4 /* Debug */,
				67FE60542AFE71580030C8D4 /* Release */,
			);
			defaultConfigurationIsVisible = 0;
			defaultConfigurationName = Release;
		};
		67FE60552AFE71580030C8D4 /* Build configuration list for PBXNativeTarget "scrumdingerTests" */ = {
			isa = XCConfigurationList;
			buildConfigurations = (
				67FE60562AFE71580030C8D4 /* Debug */,
				67FE60572AFE71580030C8D4 /* Release */,
			);
			defaultConfigurationIsVisible = 0;
			defaultConfigurationName = Release;
		};
		67FE60582AFE71580030C8D4 /* Build configuration list for PBXNativeTarget "scrumdingerUITests" */ = {
			isa = XCConfigurationList;
			buildConfigurations = (
				67FE60592AFE71580030C8D4 /* Debug */,
				67FE605A2AFE71580030C8D4 /* Release */,
			);
			defaultConfigurationIsVisible = 0;
			defaultConfigurationName = Release;
		};
/* End XCConfigurationList section */
	};
	rootObject = 67FE60232AFE71530030C8D4 /* Project object */;
}
